
Microsoft Visual Studio Solution File, Format Version 12.00
# Visual Studio Version 16
VisualStudioVersion = 25.0.1700.5
MinimumVisualStudioVersion = 10.0.40219.1
Project("{FAE04EC0-301F-11D3-BF4B-00C04F79EFBC}") = "T01.SingleInheritance", "T01.SingleInheritance\T01.SingleInheritance.csproj", "{3BBAF09E-E45C-4C55-BD88-82779E66B1FE}"
EndProject
Project("{FAE04EC0-301F-11D3-BF4B-00C04F79EFBC}") = "T02.MultipleInheritance", "T02.MultipleInheritance\T02.MultipleInheritance.csproj", "{D24846A6-6944-4572-99C9-0932ABEA5A81}"
EndProject
Project("{FAE04EC0-301F-11D3-BF4B-00C04F79EFBC}") = "T03.HierarchicalInheritance", "T03.HierarchicalInheritance\T03.HierarchicalInheritance.csproj", "{FE9545F4-AD1C-48B6-975E-04F81FD55116}"
EndProject
Project("{FAE04EC0-301F-11D3-BF4B-00C04F79EFBC}") = "T04.RandomList", "T04.RandomList\T04.RandomList.csproj", "{B705AF89-BA46-4A6B-983A-B4EFBE61C42B}"
EndProject
Project("{FAE04EC0-301F-11D3-BF4B-00C04F79EFBC}") = "T05.StackOfStrings", "T05.StackOfStrings\T05.StackOfStrings.csproj", "{96F18219-216A-4E22-99FA-F940FF589A2E}"
EndProject
Global
	GlobalSection(SolutionConfigurationPlatforms) = preSolution
		Debug|Any CPU = Debug|Any CPU
		Release|Any CPU = Release|Any CPU
	EndGlobalSection
	GlobalSection(ProjectConfigurationPlatforms) = postSolution
		{3BBAF09E-E45C-4C55-BD88-82779E66B1FE}.Debug|Any CPU.ActiveCfg = Debug|Any CPU
		{3BBAF09E-E45C-4C55-BD88-82779E66B1FE}.Debug|Any CPU.Build.0 = Debug|Any CPU
		{3BBAF09E-E45C-4C55-BD88-82779E66B1FE}.Release|Any CPU.ActiveCfg = Release|Any CPU
		{3BBAF09E-E45C-4C55-BD88-82779E66B1FE}.Release|Any CPU.Build.0 = Release|Any CPU
		{D24846A6-6944-4572-99C9-0932ABEA5A81}.Debug|Any CPU.ActiveCfg = Debug|Any CPU
		{D24846A6-6944-4572-99C9-0932ABEA5A81}.Debug|Any CPU.Build.0 = Debug|Any CPU
		{D24846A6-6944-4572-99C9-0932ABEA5A81}.Release|Any CPU.ActiveCfg = Release|Any CPU
		{D24846A6-6944-4572-99C9-0932ABEA5A81}.Release|Any CPU.Build.0 = Release|Any CPU
		{FE9545F4-AD1C-48B6-975E-04F81FD55116}.Debug|Any CPU.ActiveCfg = Debug|Any CPU
		{FE9545F4-AD1C-48B6-975E-04F81FD55116}.Debug|Any CPU.Build.0 = Debug|Any CPU
		{FE9545F4-AD1C-48B6-975E-04F81FD55116}.Release|Any CPU.ActiveCfg = Release|Any CPU
		{FE9545F4-AD1C-48B6-975E-04F81FD55116}.Release|Any CPU.Build.0 = Release|Any CPU
		{B705AF89-BA46-4A6B-983A-B4EFBE61C42B}.Debug|Any CPU.ActiveCfg = Debug|Any CPU
		{B705AF89-BA46-4A6B-983A-B4EFBE61C42B}.Debug|Any CPU.Build.0 = Debug|Any CPU
		{B705AF89-BA46-4A6B-983A-B4EFBE61C42B}.Release|Any CPU.ActiveCfg = Release|Any CPU
		{B705AF89-BA46-4A6B-983A-B4EFBE61C42B}.Release|Any CPU.Build.0 = Release|Any CPU
		{96F18219-216A-4E22-99FA-F940FF589A2E}.Debug|Any CPU.ActiveCfg = Debug|Any CPU
		{96F18219-216A-4E22-99FA-F940FF589A2E}.Debug|Any CPU.Build.0 = Debug|Any CPU
		{96F18219-216A-4E22-99FA-F940FF589A2E}.Release|Any CPU.ActiveCfg = Release|Any CPU
		{96F18219-216A-4E22-99FA-F940FF589A2E}.Release|Any CPU.Build.0 = Release|Any CPU
	EndGlobalSection
	GlobalSection(SolutionProperties) = preSolution
		HideSolutionNode = FALSE
	EndGlobalSection
	GlobalSection(ExtensibilityGlobals) = postSolution
		SolutionGuid = {BEB9B4F4-DF24-4C72-BB02-AA626092F8D6}
	EndGlobalSection
EndGlobal
